schema: '2.0'
stages:
  featurize:
    cmd: python src/featurize.py
    deps:
    - path: data/raw/iris.csv
      hash: md5
      md5: 4d301abed5efe50eccda350cde38e0eb
      size: 2777
    - path: src/featurize.py
      hash: md5
      md5: 62ac867f8436b1602f16ca62aa7583ea
      size: 646
      isexec: true
    outs:
    - path: data/interim/features_iris.csv
      hash: md5
      md5: de0aa728ae970bc8c141cbd6560bc7d6
      size: 7260
  split_dataset:
    cmd: python src/split_dataset.py
    deps:
    - path: data/interim/features_iris.csv
      hash: md5
      md5: de0aa728ae970bc8c141cbd6560bc7d6
      size: 7260
    - path: src/split_dataset.py
      hash: md5
      md5: 5be942c6d9ea34775dc67867644d4fa3
      size: 575
      isexec: true
    outs:
    - path: data/external/test.csv
      hash: md5
      md5: b0fa2b4a2e0f2b42414010568a6c58a5
      size: 1806
    - path: data/external/train.csv
      hash: md5
      md5: 04c11bb084ba929ca3c1cb054c6f7ed2
      size: 5410
  train:
    cmd: python src/train.py
    deps:
    - path: data/external/train.csv
      hash: md5
      md5: 04c11bb084ba929ca3c1cb054c6f7ed2
      size: 5410
    - path: src/train.py
      hash: md5
      md5: a85488cdcfce80498119a49208eedd7b
      size: 655
      isexec: true
    outs:
    - path: models/model.pkl
      hash: md5
      md5: a3cec6c4585ffba076136a4544a931e1
      size: 871
  evaluate:
    cmd: python src/evaluate.py
    deps:
    - path: data/external/test.csv
      hash: md5
      md5: b0fa2b4a2e0f2b42414010568a6c58a5
      size: 1806
    - path: data/raw/iris.csv
      hash: md5
      md5: 4d301abed5efe50eccda350cde38e0eb
      size: 2777
    - path: models/model.pkl
      hash: md5
      md5: a3cec6c4585ffba076136a4544a931e1
      size: 871
    - path: src/evaluate.py
      hash: md5
      md5: 6469fe95f32fe0af4f1e2e54fa81fe9c
      size: 913
      isexec: true
    outs:
    - path: reports/summary.json
      hash: md5
      md5: 2cff7b6d8590f8c37eaa01feff99962e
      size: 123
